
Microsoft Visual Studio Solution File, Format Version 11.00
# Visual Studio 2010
Project("{FAE04EC0-301F-11D3-BF4B-00C04F79EFBC}") = "Sitecore.PullUpFields", "Sitecore.PullUpFields\Sitecore.PullUpFields.csproj", "{D83C3EAE-C1E2-43F3-8A84-67B3BC5F0959}"
EndProject
Global
	GlobalSection(SolutionConfigurationPlatforms) = preSolution
		Debug|Any CPU = Debug|Any CPU
		Release|Any CPU = Release|Any CPU
	EndGlobalSection
	GlobalSection(ProjectConfigurationPlatforms) = postSolution
		{D83C3EAE-C1E2-43F3-8A84-67B3BC5F0959}.Debug|Any CPU.ActiveCfg = Debug|Any CPU
		{D83C3EAE-C1E2-43F3-8A84-67B3BC5F0959}.Debug|Any CPU.Build.0 = Debug|Any CPU
		{D83C3EAE-C1E2-43F3-8A84-67B3BC5F0959}.Release|Any CPU.ActiveCfg = Release|Any CPU
		{D83C3EAE-C1E2-43F3-8A84-67B3BC5F0959}.Release|Any CPU.Build.0 = Release|Any CPU
	EndGlobalSection
	GlobalSection(SolutionProperties) = preSolution
		HideSolutionNode = FALSE
	EndGlobalSection
EndGlobal
